{
  "name": "hw_test",
  "version": "1.0.0",
  "lockfileVersion": 3,
  "requires": true,
  "packages": {
    "": {
      "name": "hw_test",
      "version": "1.0.0",
      "license": "ISC",
      "dependencies": {
        "volquadraticequation": "^1.1.0"
      }
    },
    "node_modules/volquadraticequation": {
      "version": "1.1.0",
      "resolved": "https://registry.npmjs.org/volquadraticequation/-/volquadraticequation-1.1.0.tgz",
      "integrity": "sha512-zh6Mua6S2H8agOd8P40UcnntU4lgRDs3VaU9lojIlUE8Tvaq8kszwxyr/wibCjJ7vWDh5FdW0RJKG87x71sgVA=="
    }
  }
}
