{
  "name": "hw_test",
  "version": "1.0.0",
  "lockfileVersion": 3,
  "requires": true,
  "packages": {
    "": {
      "name": "hw_test",
      "version": "1.0.0",
      "license": "ISC",
      "dependencies": {
        "volquadraticequation": "^1.1.3"
      }
    },
    "node_modules/volquadraticequation": {
      "version": "1.1.3",
      "resolved": "https://registry.npmjs.org/volquadraticequation/-/volquadraticequation-1.1.3.tgz",
      "integrity": "sha512-7KoWo5gWIablAZ8twbUvwHZosT42Jpd+EfbrYDOpMeybF9IG/7hbYZPPRkU7kgewtC3NRUCF1a3AtyDTfZPvPw=="
    }
  }
}
